
Microsoft Visual Studio Solution File, Format Version 12.00
# Visual Studio Version 16
VisualStudioVersion = 16.0.29905.134
MinimumVisualStudioVersion = 10.0.40219.1
Project("{FAE04EC0-301F-11D3-BF4B-00C04F79EFBC}") = "TodoApp", "CS\TodoApp.NetCore.csproj", "{1E3FD3BC-BA70-4506-AD0A-501B93F8A595}"
EndProject
Global
	GlobalSection(SolutionConfigurationPlatforms) = preSolution
		Debug|Any CPU = Debug|Any CPU
		Release|Any CPU = Release|Any CPU
	EndGlobalSection
	GlobalSection(ProjectConfigurationPlatforms) = postSolution
		{1E3FD3BC-BA70-4506-AD0A-501B93F8A595}.Debug|Any CPU.ActiveCfg = Debug|Any CPU
		{1E3FD3BC-BA70-4506-AD0A-501B93F8A595}.Debug|Any CPU.Build.0 = Debug|Any CPU
		{1E3FD3BC-BA70-4506-AD0A-501B93F8A595}.Release|Any CPU.ActiveCfg = Release|Any CPU
		{1E3FD3BC-BA70-4506-AD0A-501B93F8A595}.Release|Any CPU.Build.0 = Release|Any CPU
	EndGlobalSection
	GlobalSection(SolutionProperties) = preSolution
		HideSolutionNode = FALSE
	EndGlobalSection
	GlobalSection(ExtensibilityGlobals) = postSolution
		SolutionGuid = {0F33B04F-89F6-47D7-ADB6-AF3ADD4AE0F8}
	EndGlobalSection
EndGlobal
